{
  "name": "v3audioDesc",
  "lockfileVersion": 3,
  "requires": true,
  "packages": {
    "": {
      "dependencies": {
        "getusermedia": "^2.0.1"
      }
    },
    "node_modules/getusermedia": {
      "version": "2.0.1",
      "resolved": "https://registry.npmjs.org/getusermedia/-/getusermedia-2.0.1.tgz",
      "integrity": "sha512-G1gFU5yt2B/atoufTyur/KqWwTgLTIV04cjgIr8cVKbZZM53Cp7bit3XomsZ82KFyS011DtB06wkzl7WZ7uHkA==",
      "dependencies": {
        "webrtc-adapter": "^2.0.2"
      }
    },
    "node_modules/sdp": {
      "version": "1.5.4",
      "resolved": "https://registry.npmjs.org/sdp/-/sdp-1.5.4.tgz",
      "integrity": "sha512-9x0+fpJHW2bbqtIktmL+H9m+BswgurPVPhWrur4cCZPDWDSsdGYvRBaKhDXlnNCD1b/Xi8cOTG2u703CTQuwgg=="
    },
    "node_modules/webrtc-adapter": {
      "version": "2.1.0",
      "resolved": "https://registry.npmjs.org/webrtc-adapter/-/webrtc-adapter-2.1.0.tgz",
      "integrity": "sha512-i38RPNdm68QS6jQFWDuYEOLv5HvWE0Hz99eePd7Nk/c3FmhFUR6zNyfhASdPewm2u1tMfHkRTx9cAZyq3prRlA==",
      "dependencies": {
        "sdp": "^1.0.0"
      },
      "engines": {
        "npm": "^3.10.0"
      }
    }
  }
}
